
Microsoft Visual Studio Solution File, Format Version 12.00
# Visual Studio Version 16
VisualStudioVersion = 16.0.30717.126
MinimumVisualStudioVersion = 10.0.40219.1
Project("{FAE04EC0-301F-11D3-BF4B-00C04F79EFBC}") = "BDM TShirts.Android", "BDM TShirts.Android\BDM TShirts.Android.csproj", "{A857292F-BE72-43D8-B106-288DABEE0924}"
EndProject
Project("{FAE04EC0-301F-11D3-BF4B-00C04F79EFBC}") = "BDM TShirts", "BDM TShirts\BDM TShirts.csproj", "{6DDB56AC-580B-42B8-8CBB-90C3361A4AD7}"
EndProject
Global
	GlobalSection(SolutionConfigurationPlatforms) = preSolution
		Debug|Any CPU = Debug|Any CPU
		Release|Any CPU = Release|Any CPU
	EndGlobalSection
	GlobalSection(ProjectConfigurationPlatforms) = postSolution
		{A857292F-BE72-43D8-B106-288DABEE0924}.Debug|Any CPU.ActiveCfg = Debug|Any CPU
		{A857292F-BE72-43D8-B106-288DABEE0924}.Debug|Any CPU.Build.0 = Debug|Any CPU
		{A857292F-BE72-43D8-B106-288DABEE0924}.Debug|Any CPU.Deploy.0 = Debug|Any CPU
		{A857292F-BE72-43D8-B106-288DABEE0924}.Release|Any CPU.ActiveCfg = Release|Any CPU
		{A857292F-BE72-43D8-B106-288DABEE0924}.Release|Any CPU.Build.0 = Release|Any CPU
		{A857292F-BE72-43D8-B106-288DABEE0924}.Release|Any CPU.Deploy.0 = Release|Any CPU
		{6DDB56AC-580B-42B8-8CBB-90C3361A4AD7}.Debug|Any CPU.ActiveCfg = Debug|Any CPU
		{6DDB56AC-580B-42B8-8CBB-90C3361A4AD7}.Debug|Any CPU.Build.0 = Debug|Any CPU
		{6DDB56AC-580B-42B8-8CBB-90C3361A4AD7}.Debug|Any CPU.Deploy.0 = Debug|Any CPU
		{6DDB56AC-580B-42B8-8CBB-90C3361A4AD7}.Release|Any CPU.ActiveCfg = Release|Any CPU
		{6DDB56AC-580B-42B8-8CBB-90C3361A4AD7}.Release|Any CPU.Build.0 = Release|Any CPU
		{6DDB56AC-580B-42B8-8CBB-90C3361A4AD7}.Release|Any CPU.Deploy.0 = Release|Any CPU
	EndGlobalSection
	GlobalSection(SolutionProperties) = preSolution
		HideSolutionNode = FALSE
	EndGlobalSection
	GlobalSection(ExtensibilityGlobals) = postSolution
		SolutionGuid = {D07A6C18-1EFF-492D-87E7-79B8D97A75D3}
	EndGlobalSection
EndGlobal
